
Microsoft Visual Studio Solution File, Format Version 12.00
# Visual Studio Version 16
VisualStudioVersion = 16.6.30114.105
MinimumVisualStudioVersion = 10.0.40219.1
Project("{FAE04EC0-301F-11D3-BF4B-00C04F79EFBC}") = "TestTracker", "TestTracker\TestTracker.csproj", "{E5F9F8DF-1A07-41A0-93FE-AEE0374D3683}"
EndProject
Project("{FAE04EC0-301F-11D3-BF4B-00C04F79EFBC}") = "TestFileSystem", "TestFileSystem\TestFileSystem.csproj", "{80EE6D42-172C-426C-A5F0-4540C628564B}"
EndProject
Project("{FAE04EC0-301F-11D3-BF4B-00C04F79EFBC}") = "TestRole", "TestRole\TestRole.csproj", "{67716AF4-2B1F-4DF0-8F90-CE6A6CD215E5}"
EndProject
Global
	GlobalSection(SolutionConfigurationPlatforms) = preSolution
		Debug|Any CPU = Debug|Any CPU
		Debug|x64 = Debug|x64
		Debug|x86 = Debug|x86
		Release|Any CPU = Release|Any CPU
		Release|x64 = Release|x64
		Release|x86 = Release|x86
	EndGlobalSection
	GlobalSection(SolutionProperties) = preSolution
		HideSolutionNode = FALSE
	EndGlobalSection
	GlobalSection(ProjectConfigurationPlatforms) = postSolution
		{E5F9F8DF-1A07-41A0-93FE-AEE0374D3683}.Debug|Any CPU.ActiveCfg = Debug|Any CPU
		{E5F9F8DF-1A07-41A0-93FE-AEE0374D3683}.Debug|Any CPU.Build.0 = Debug|Any CPU
		{E5F9F8DF-1A07-41A0-93FE-AEE0374D3683}.Debug|x64.ActiveCfg = Debug|Any CPU
		{E5F9F8DF-1A07-41A0-93FE-AEE0374D3683}.Debug|x64.Build.0 = Debug|Any CPU
		{E5F9F8DF-1A07-41A0-93FE-AEE0374D3683}.Debug|x86.ActiveCfg = Debug|Any CPU
		{E5F9F8DF-1A07-41A0-93FE-AEE0374D3683}.Debug|x86.Build.0 = Debug|Any CPU
		{E5F9F8DF-1A07-41A0-93FE-AEE0374D3683}.Release|Any CPU.ActiveCfg = Release|Any CPU
		{E5F9F8DF-1A07-41A0-93FE-AEE0374D3683}.Release|Any CPU.Build.0 = Release|Any CPU
		{E5F9F8DF-1A07-41A0-93FE-AEE0374D3683}.Release|x64.ActiveCfg = Release|Any CPU
		{E5F9F8DF-1A07-41A0-93FE-AEE0374D3683}.Release|x64.Build.0 = Release|Any CPU
		{E5F9F8DF-1A07-41A0-93FE-AEE0374D3683}.Release|x86.ActiveCfg = Release|Any CPU
		{E5F9F8DF-1A07-41A0-93FE-AEE0374D3683}.Release|x86.Build.0 = Release|Any CPU
		{80EE6D42-172C-426C-A5F0-4540C628564B}.Debug|Any CPU.ActiveCfg = Debug|Any CPU
		{80EE6D42-172C-426C-A5F0-4540C628564B}.Debug|Any CPU.Build.0 = Debug|Any CPU
		{80EE6D42-172C-426C-A5F0-4540C628564B}.Debug|x64.ActiveCfg = Debug|Any CPU
		{80EE6D42-172C-426C-A5F0-4540C628564B}.Debug|x64.Build.0 = Debug|Any CPU
		{80EE6D42-172C-426C-A5F0-4540C628564B}.Debug|x86.ActiveCfg = Debug|Any CPU
		{80EE6D42-172C-426C-A5F0-4540C628564B}.Debug|x86.Build.0 = Debug|Any CPU
		{80EE6D42-172C-426C-A5F0-4540C628564B}.Release|Any CPU.ActiveCfg = Release|Any CPU
		{80EE6D42-172C-426C-A5F0-4540C628564B}.Release|Any CPU.Build.0 = Release|Any CPU
		{80EE6D42-172C-426C-A5F0-4540C628564B}.Release|x64.ActiveCfg = Release|Any CPU
		{80EE6D42-172C-426C-A5F0-4540C628564B}.Release|x64.Build.0 = Release|Any CPU
		{80EE6D42-172C-426C-A5F0-4540C628564B}.Release|x86.ActiveCfg = Release|Any CPU
		{80EE6D42-172C-426C-A5F0-4540C628564B}.Release|x86.Build.0 = Release|Any CPU
		{67716AF4-2B1F-4DF0-8F90-CE6A6CD215E5}.Debug|Any CPU.ActiveCfg = Debug|Any CPU
		{67716AF4-2B1F-4DF0-8F90-CE6A6CD215E5}.Debug|Any CPU.Build.0 = Debug|Any CPU
		{67716AF4-2B1F-4DF0-8F90-CE6A6CD215E5}.Debug|x64.ActiveCfg = Debug|Any CPU
		{67716AF4-2B1F-4DF0-8F90-CE6A6CD215E5}.Debug|x64.Build.0 = Debug|Any CPU
		{67716AF4-2B1F-4DF0-8F90-CE6A6CD215E5}.Debug|x86.ActiveCfg = Debug|Any CPU
		{67716AF4-2B1F-4DF0-8F90-CE6A6CD215E5}.Debug|x86.Build.0 = Debug|Any CPU
		{67716AF4-2B1F-4DF0-8F90-CE6A6CD215E5}.Release|Any CPU.ActiveCfg = Release|Any CPU
		{67716AF4-2B1F-4DF0-8F90-CE6A6CD215E5}.Release|Any CPU.Build.0 = Release|Any CPU
		{67716AF4-2B1F-4DF0-8F90-CE6A6CD215E5}.Release|x64.ActiveCfg = Release|Any CPU
		{67716AF4-2B1F-4DF0-8F90-CE6A6CD215E5}.Release|x64.Build.0 = Release|Any CPU
		{67716AF4-2B1F-4DF0-8F90-CE6A6CD215E5}.Release|x86.ActiveCfg = Release|Any CPU
		{67716AF4-2B1F-4DF0-8F90-CE6A6CD215E5}.Release|x86.Build.0 = Release|Any CPU
	EndGlobalSection
EndGlobal
